{
  "name": "ubb-bench",
  "lockfileVersion": 3,
  "requires": true,
  "packages": {
    "": {
      "name": "ubb-bench",
      "dependencies": {
        "@bbob/parser": "4.3.1"
      }
    },
    "node_modules/@bbob/parser": {
      "version": "4.3.1",
      "resolved": "https://registry.npmjs.org/@bbob/parser/-/parser-4.3.1.tgz",
      "integrity": "sha512-BqDo8PDLcVLhFvOMdLmeaWk5qqD8E1bEdvzSJQuJC/U1XFs1tMC4lwZ4oPBFmZCeCLNsYFawqjP/S5MDdr7/Tg==",
      "license": "MIT",
      "dependencies": {
        "@bbob/plugin-helper": "*",
        "@bbob/types": "*"
      }
    },
    "node_modules/@bbob/plugin-helper": {
      "version": "4.3.1",
      "resolved": "https://registry.npmjs.org/@bbob/plugin-helper/-/plugin-helper-4.3.1.tgz",
      "integrity": "sha512-0gyhW5sU270iCBvaRO1jYDTs1oGHu913yB9tqxPO9zT5OIDhu47PwensdJ7EuZwgYKEyQ4zZZ+1jvDzkubjdyQ==",
      "license": "MIT",
      "dependencies": {
        "@bbob/types": "*"
      }
    },
    "node_modules/@bbob/types": {
      "version": "4.3.1",
      "resolved": "https://registry.npmjs.org/@bbob/types/-/types-4.3.1.tgz",
      "integrity": "sha512-TXxFPfKvZVH/sR0mfn5I99bEFmbnAzIoqFBxG1htRiKyJUx7Yb/ZNS/OsQD1mIsR6+srDqXFDaWbDgVudTTjvQ==",
      "license": "MIT"
    }
  }
}
